
Microsoft Visual Studio Solution File, Format Version 12.00
# Visual Studio Version 17
VisualStudioVersion = 17.3.32922.545
MinimumVisualStudioVersion = 10.0.40219.1
Project("{FAE04EC0-301F-11D3-BF4B-00C04F79EFBC}") = "TaskBoardApplication", "TaskBoardApplication.csproj", "{F621EFA9-B398-4644-8824-659D6BBA9A7C}"
EndProject
Global
	GlobalSection(SolutionConfigurationPlatforms) = preSolution
		Debug|Any CPU = Debug|Any CPU
		Release|Any CPU = Release|Any CPU
	EndGlobalSection
	GlobalSection(ProjectConfigurationPlatforms) = postSolution
		{F621EFA9-B398-4644-8824-659D6BBA9A7C}.Debug|Any CPU.ActiveCfg = Debug|Any CPU
		{F621EFA9-B398-4644-8824-659D6BBA9A7C}.Debug|Any CPU.Build.0 = Debug|Any CPU
		{F621EFA9-B398-4644-8824-659D6BBA9A7C}.Release|Any CPU.ActiveCfg = Release|Any CPU
		{F621EFA9-B398-4644-8824-659D6BBA9A7C}.Release|Any CPU.Build.0 = Release|Any CPU
	EndGlobalSection
	GlobalSection(SolutionProperties) = preSolution
		HideSolutionNode = FALSE
	EndGlobalSection
	GlobalSection(ExtensibilityGlobals) = postSolution
		SolutionGuid = {551358F3-24D9-4B36-BC82-2720091AEE09}
	EndGlobalSection
EndGlobal
